version: 6
environments:
  default:
    channels:
    - url: https://conda.anaconda.org/conda-forge/
    indexes:
    - https://pypi.org/simple
    packages:
      osx-arm64:
      - conda: https://conda.anaconda.org/conda-forge/osx-arm64/bzip2-1.0.8-h99b78c6_7.conda
      - conda: https://conda.anaconda.org/conda-forge/osx-arm64/ca-certificates-2025.1.31-hf0a4a13_0.conda
      - conda: https://conda.anaconda.org/conda-forge/osx-arm64/libblas-3.9.0-31_h10e41b3_openblas.conda
      - conda: https://conda.anaconda.org/conda-forge/osx-arm64/libcblas-3.9.0-31_hb3479ef_openblas.conda
      - conda: https://conda.anaconda.org/conda-forge/osx-arm64/libcxx-19.1.7-ha82da77_0.conda
      - conda: https://conda.anaconda.org/conda-forge/osx-arm64/libexpat-2.6.4-h286801f_0.conda
      - conda: https://conda.anaconda.org/conda-forge/osx-arm64/libffi-3.4.2-h3422bc3_5.tar.bz2
      - conda: https://conda.anaconda.org/conda-forge/osx-arm64/libgfortran-5.0.0-13_2_0_hd922786_3.conda
      - conda: https://conda.anaconda.org/conda-forge/osx-arm64/libgfortran5-13.2.0-hf226fd6_3.conda
      - conda: https://conda.anaconda.org/conda-forge/osx-arm64/liblapack-3.9.0-31_hc9a63f6_openblas.conda
      - conda: https://conda.anaconda.org/conda-forge/osx-arm64/liblzma-5.6.4-h39f12f2_0.conda
      - conda: https://conda.anaconda.org/conda-forge/osx-arm64/libmpdec-4.0.0-h99b78c6_0.conda
      - conda: https://conda.anaconda.org/conda-forge/osx-arm64/libopenblas-0.3.29-openmp_hf332438_0.conda
      - conda: https://conda.anaconda.org/conda-forge/osx-arm64/libsqlite-3.49.1-h3f77e49_1.conda
      - conda: https://conda.anaconda.org/conda-forge/osx-arm64/libzlib-1.3.1-h8359307_2.conda
      - conda: https://conda.anaconda.org/conda-forge/osx-arm64/llvm-openmp-19.1.7-hdb05f8b_0.conda
      - conda: https://conda.anaconda.org/conda-forge/osx-arm64/ncurses-6.5-h5e97a16_3.conda
      - conda: https://conda.anaconda.org/conda-forge/osx-arm64/numpy-2.2.3-py313h41a2e72_0.conda
      - conda: https://conda.anaconda.org/conda-forge/osx-arm64/openssl-3.4.1-h81ee809_0.conda
      - conda: https://conda.anaconda.org/conda-forge/osx-arm64/python-3.13.2-h81fe080_101_cp313.conda
      - conda: https://conda.anaconda.org/conda-forge/osx-arm64/python_abi-3.13-5_cp313.conda
      - conda: https://conda.anaconda.org/conda-forge/osx-arm64/readline-8.2-h1d1bf99_2.conda
      - conda: https://conda.anaconda.org/conda-forge/osx-arm64/tk-8.6.13-h5083fa2_1.conda
      - conda: https://conda.anaconda.org/conda-forge/noarch/tzdata-2025a-h78e105d_0.conda
      - pypi: .
  dev:
    channels:
    - url: https://conda.anaconda.org/conda-forge/
    indexes:
    - https://pypi.org/simple
    packages:
      osx-arm64:
      - conda: https://conda.anaconda.org/conda-forge/noarch/asttokens-3.0.0-pyhd8ed1ab_1.conda
      - conda: https://conda.anaconda.org/conda-forge/osx-arm64/bzip2-1.0.8-h99b78c6_7.conda
      - conda: https://conda.anaconda.org/conda-forge/osx-arm64/ca-certificates-2025.1.31-hf0a4a13_0.conda
      - conda: https://conda.anaconda.org/conda-forge/osx-arm64/debugpy-1.8.13-py313h928ef07_0.conda
      - conda: https://conda.anaconda.org/conda-forge/noarch/decorator-5.2.1-pyhd8ed1ab_0.conda
      - conda: https://conda.anaconda.org/conda-forge/noarch/exceptiongroup-1.2.2-pyhd8ed1ab_1.conda
      - conda: https://conda.anaconda.org/conda-forge/noarch/executing-2.1.0-pyhd8ed1ab_1.conda
      - conda: https://conda.anaconda.org/conda-forge/noarch/ipython-9.0.0-pyhfb0248b_1.conda
      - conda: https://conda.anaconda.org/conda-forge/noarch/ipython_pygments_lexers-1.1.1-pyhd8ed1ab_0.conda
      - conda: https://conda.anaconda.org/conda-forge/noarch/jedi-0.19.2-pyhd8ed1ab_1.conda
      - conda: https://conda.anaconda.org/conda-forge/noarch/joblib-1.4.2-pyhd8ed1ab_1.conda
      - conda: https://conda.anaconda.org/conda-forge/osx-arm64/libblas-3.9.0-31_h10e41b3_openblas.conda
      - conda: https://conda.anaconda.org/conda-forge/osx-arm64/libcblas-3.9.0-31_hb3479ef_openblas.conda
      - conda: https://conda.anaconda.org/conda-forge/osx-arm64/libcxx-19.1.7-ha82da77_0.conda
      - conda: https://conda.anaconda.org/conda-forge/osx-arm64/libexpat-2.6.4-h286801f_0.conda
      - conda: https://conda.anaconda.org/conda-forge/osx-arm64/libffi-3.4.2-h3422bc3_5.tar.bz2
      - conda: https://conda.anaconda.org/conda-forge/osx-arm64/libgfortran-5.0.0-13_2_0_hd922786_3.conda
      - conda: https://conda.anaconda.org/conda-forge/osx-arm64/libgfortran5-13.2.0-hf226fd6_3.conda
      - conda: https://conda.anaconda.org/conda-forge/osx-arm64/liblapack-3.9.0-31_hc9a63f6_openblas.conda
      - conda: https://conda.anaconda.org/conda-forge/osx-arm64/liblzma-5.6.4-h39f12f2_0.conda
      - conda: https://conda.anaconda.org/conda-forge/osx-arm64/libmpdec-4.0.0-h99b78c6_0.conda
      - conda: https://conda.anaconda.org/conda-forge/osx-arm64/libopenblas-0.3.29-openmp_hf332438_0.conda
      - conda: https://conda.anaconda.org/conda-forge/osx-arm64/libsqlite-3.49.1-h3f77e49_1.conda
      - conda: https://conda.anaconda.org/conda-forge/osx-arm64/libzlib-1.3.1-h8359307_2.conda
      - conda: https://conda.anaconda.org/conda-forge/osx-arm64/llvm-openmp-19.1.7-hdb05f8b_0.conda
      - conda: https://conda.anaconda.org/conda-forge/noarch/matplotlib-inline-0.1.7-pyhd8ed1ab_1.conda
      - conda: https://conda.anaconda.org/conda-forge/osx-arm64/ncurses-6.5-h5e97a16_3.conda
      - conda: https://conda.anaconda.org/conda-forge/osx-arm64/numpy-2.2.3-py313h41a2e72_0.conda
      - conda: https://conda.anaconda.org/conda-forge/osx-arm64/openssl-3.4.1-h81ee809_0.conda
      - conda: https://conda.anaconda.org/conda-forge/noarch/parso-0.8.4-pyhd8ed1ab_1.conda
      - conda: https://conda.anaconda.org/conda-forge/noarch/pexpect-4.9.0-pyhd8ed1ab_1.conda
      - conda: https://conda.anaconda.org/conda-forge/noarch/pickleshare-0.7.5-pyhd8ed1ab_1004.conda
      - conda: https://conda.anaconda.org/conda-forge/noarch/prompt-toolkit-3.0.50-pyha770c72_0.conda
      - conda: https://conda.anaconda.org/conda-forge/noarch/ptyprocess-0.7.0-pyhd8ed1ab_1.conda
      - conda: https://conda.anaconda.org/conda-forge/noarch/pure_eval-0.2.3-pyhd8ed1ab_1.conda
      - conda: https://conda.anaconda.org/conda-forge/noarch/pygments-2.19.1-pyhd8ed1ab_0.conda
      - conda: https://conda.anaconda.org/conda-forge/osx-arm64/python-3.13.2-h81fe080_101_cp313.conda
      - conda: https://conda.anaconda.org/conda-forge/osx-arm64/python_abi-3.13-5_cp313.conda
      - conda: https://conda.anaconda.org/conda-forge/osx-arm64/readline-8.2-h1d1bf99_2.conda
      - conda: https://conda.anaconda.org/conda-forge/osx-arm64/scikit-learn-1.6.1-py313hecba28c_0.conda
      - conda: https://conda.anaconda.org/conda-forge/osx-arm64/scipy-1.15.2-py313h9a24e0a_0.conda
      - conda: https://conda.anaconda.org/conda-forge/noarch/setuptools-75.8.2-pyhff2d567_0.conda
      - conda: https://conda.anaconda.org/conda-forge/noarch/stack_data-0.6.3-pyhd8ed1ab_1.conda
      - conda: https://conda.anaconda.org/conda-forge/noarch/threadpoolctl-3.5.0-pyhc1e730c_0.conda
      - conda: https://conda.anaconda.org/conda-forge/osx-arm64/tk-8.6.13-h5083fa2_1.conda
      - conda: https://conda.anaconda.org/conda-forge/noarch/traitlets-5.14.3-pyhd8ed1ab_1.conda
      - conda: https://conda.anaconda.org/conda-forge/noarch/typing_extensions-4.12.2-pyha770c72_1.conda
      - conda: https://conda.anaconda.org/conda-forge/noarch/tzdata-2025a-h78e105d_0.conda
      - conda: https://conda.anaconda.org/conda-forge/noarch/wcwidth-0.2.13-pyhd8ed1ab_1.conda
      - pypi: .
packages:
- conda: https://conda.anaconda.org/conda-forge/noarch/asttokens-3.0.0-pyhd8ed1ab_1.conda
  sha256: 93b14414b3b3ed91e286e1cbe4e7a60c4e1b1c730b0814d1e452a8ac4b9af593
  md5: 8f587de4bcf981e26228f268df374a9b
  depends:
  - python >=3.9
  constrains:
  - astroid >=2,<4
  license: Apache-2.0
  license_family: Apache
  purls:
  - pkg:pypi/asttokens?source=hash-mapping
  size: 28206
  timestamp: 1733250564754
- conda: https://conda.anaconda.org/conda-forge/osx-arm64/bzip2-1.0.8-h99b78c6_7.conda
  sha256: adfa71f158cbd872a36394c56c3568e6034aa55c623634b37a4836bd036e6b91
  md5: fc6948412dbbbe9a4c9ddbbcfe0a79ab
  depends:
  - __osx >=11.0
  license: bzip2-1.0.6
  license_family: BSD
  purls: []
  size: 122909
  timestamp: 1720974522888
- conda: https://conda.anaconda.org/conda-forge/osx-arm64/ca-certificates-2025.1.31-hf0a4a13_0.conda
  sha256: 7e12816618173fe70f5c638b72adf4bfd4ddabf27794369bb17871c5bb75b9f9
  md5: 3569d6a9141adc64d2fe4797f3289e06
  license: ISC
  purls: []
  size: 158425
  timestamp: 1738298167688
- conda: https://conda.anaconda.org/conda-forge/osx-arm64/debugpy-1.8.13-py313h928ef07_0.conda
  sha256: 7e4f08efa1921fe83f2be0001b1b8aed41b24948203f42ce5e0287c66db83a9d
  md5: 325a4f0e565393be641fe8c814d1de42
  depends:
  - __osx >=11.0
  - libcxx >=18
  - python >=3.13,<3.14.0a0
  - python >=3.13,<3.14.0a0 *_cp313
  - python_abi 3.13.* *_cp313
  license: MIT
  license_family: MIT
  purls:
  - pkg:pypi/debugpy?source=hash-mapping
  size: 2557515
  timestamp: 1741148625485
- conda: https://conda.anaconda.org/conda-forge/noarch/decorator-5.2.1-pyhd8ed1ab_0.conda
  sha256: c17c6b9937c08ad63cb20a26f403a3234088e57d4455600974a0ce865cb14017
  md5: 9ce473d1d1be1cc3810856a48b3fab32
  depends:
  - python >=3.9
  license: BSD-2-Clause
  license_family: BSD
  purls:
  - pkg:pypi/decorator?source=compressed-mapping
  size: 14129
  timestamp: 1740385067843
- conda: https://conda.anaconda.org/conda-forge/noarch/exceptiongroup-1.2.2-pyhd8ed1ab_1.conda
  sha256: cbde2c64ec317118fc06b223c5fd87c8a680255e7348dd60e7b292d2e103e701
  md5: a16662747cdeb9abbac74d0057cc976e
  depends:
  - python >=3.9
  license: MIT and PSF-2.0
  purls:
  - pkg:pypi/exceptiongroup?source=hash-mapping
  size: 20486
  timestamp: 1733208916977
- conda: https://conda.anaconda.org/conda-forge/noarch/executing-2.1.0-pyhd8ed1ab_1.conda
  sha256: 28d25ea375ebab4bf7479228f8430db20986187b04999136ff5c722ebd32eb60
  md5: ef8b5fca76806159fc25b4f48d8737eb
  depends:
  - python >=3.9
  license: MIT
  license_family: MIT
  purls:
  - pkg:pypi/executing?source=hash-mapping
  size: 28348
  timestamp: 1733569440265
- conda: https://conda.anaconda.org/conda-forge/noarch/ipython-9.0.0-pyhfb0248b_1.conda
  sha256: a93f4c3b4468529464f7406499a2b7e9bccb61d2aba5c65b15589b78f67a9e4a
  md5: f3fdf97b6316a4b26141717fb3c4ba4d
  depends:
  - __unix
  - pexpect >4.3
  - decorator
  - exceptiongroup
  - ipython_pygments_lexers
  - jedi >=0.16
  - matplotlib-inline
  - pickleshare
  - prompt-toolkit >=3.0.41,<3.1.0
  - pygments >=2.4.0
  - python >=3.11
  - stack_data
  - traitlets >=5.13.0
  - typing_extensions >=4.6
  - python
  license: BSD-3-Clause
  purls:
  - pkg:pypi/ipython?source=compressed-mapping
  size: 615170
  timestamp: 1741120654554
- conda: https://conda.anaconda.org/conda-forge/noarch/ipython_pygments_lexers-1.1.1-pyhd8ed1ab_0.conda
  sha256: 894682a42a7d659ae12878dbcb274516a7031bbea9104e92f8e88c1f2765a104
  md5: bd80ba060603cc228d9d81c257093119
  depends:
  - pygments
  - python >=3.9
  license: BSD-3-Clause
  license_family: BSD
  purls:
  - pkg:pypi/ipython-pygments-lexers?source=hash-mapping
  size: 13993
  timestamp: 1737123723464
- conda: https://conda.anaconda.org/conda-forge/noarch/jedi-0.19.2-pyhd8ed1ab_1.conda
  sha256: 92c4d217e2dc68983f724aa983cca5464dcb929c566627b26a2511159667dba8
  md5: a4f4c5dc9b80bc50e0d3dc4e6e8f1bd9
  depends:
  - parso >=0.8.3,<0.9.0
  - python >=3.9
  license: Apache-2.0 AND MIT
  purls:
  - pkg:pypi/jedi?source=hash-mapping
  size: 843646
  timestamp: 1733300981994
- conda: https://conda.anaconda.org/conda-forge/noarch/joblib-1.4.2-pyhd8ed1ab_1.conda
  sha256: 51cc2dc491668af0c4d9299b0ab750f16ccf413ec5e2391b924108c1fbacae9b
  md5: bf8243ee348f3a10a14ed0cae323e0c1
  depends:
  - python >=3.9
  - setuptools
  license: BSD-3-Clause
  license_family: BSD
  purls:
  - pkg:pypi/joblib?source=hash-mapping
  size: 220252
  timestamp: 1733736157394
- conda: https://conda.anaconda.org/conda-forge/osx-arm64/libblas-3.9.0-31_h10e41b3_openblas.conda
  build_number: 31
  sha256: 369586e7688b59b4f92c709b99d847d66d4d095425db327dd32ee5e6ab74697f
  md5: 39b053da5e7035c6592102280aa7612a
  depends:
  - libopenblas >=0.3.29,<0.3.30.0a0
  - libopenblas >=0.3.29,<1.0a0
  constrains:
  - liblapacke =3.9.0=31*_openblas
  - libcblas =3.9.0=31*_openblas
  - blas =2.131=openblas
  - mkl <2025
  - liblapack =3.9.0=31*_openblas
  license: BSD-3-Clause
  license_family: BSD
  purls: []
  size: 17123
  timestamp: 1740088119350
- conda: https://conda.anaconda.org/conda-forge/osx-arm64/libcblas-3.9.0-31_hb3479ef_openblas.conda
  build_number: 31
  sha256: f237486cc9118d09d0f3ff8820280de34365f98ee7b7dc5ab923b04c7cbf25a5
  md5: 7353c2bf0e90834cb70545671996d871
  depends:
  - libblas 3.9.0 31_h10e41b3_openblas
  constrains:
  - liblapacke =3.9.0=31*_openblas
  - blas =2.131=openblas
  - liblapack =3.9.0=31*_openblas
  license: BSD-3-Clause
  license_family: BSD
  purls: []
  size: 17032
  timestamp: 1740088127097
- conda: https://conda.anaconda.org/conda-forge/osx-arm64/libcxx-19.1.7-ha82da77_0.conda
  sha256: 776092346da87a2a23502e14d91eb0c32699c4a1522b7331537bd1c3751dcff5
  md5: 5b3e1610ff8bd5443476b91d618f5b77
  depends:
  - __osx >=11.0
  license: Apache-2.0 WITH LLVM-exception
  license_family: Apache
  purls: []
  size: 523505
  timestamp: 1736877862502
- conda: https://conda.anaconda.org/conda-forge/osx-arm64/libexpat-2.6.4-h286801f_0.conda
  sha256: e42ab5ace927ee7c84e3f0f7d813671e1cf3529f5f06ee5899606630498c2745
  md5: 38d2656dd914feb0cab8c629370768bf
  depends:
  - __osx >=11.0
  constrains:
  - expat 2.6.4.*
  license: MIT
  license_family: MIT
  purls: []
  size: 64693
  timestamp: 1730967175868
- conda: https://conda.anaconda.org/conda-forge/osx-arm64/libffi-3.4.2-h3422bc3_5.tar.bz2
  sha256: 41b3d13efb775e340e4dba549ab5c029611ea6918703096b2eaa9c015c0750ca
  md5: 086914b672be056eb70fd4285b6783b6
  license: MIT
  license_family: MIT
  purls: []
  size: 39020
  timestamp: 1636488587153
- conda: https://conda.anaconda.org/conda-forge/osx-arm64/libgfortran-5.0.0-13_2_0_hd922786_3.conda
  sha256: 44e541b4821c96b28b27fef5630883a60ce4fee91fd9c79f25a199f8f73f337b
  md5: 4a55d9e169114b2b90d3ec4604cd7bbf
  depends:
  - libgfortran5 13.2.0 hf226fd6_3
  license: GPL-3.0-only WITH GCC-exception-3.1
  license_family: GPL
  purls: []
  size: 110233
  timestamp: 1707330749033
- conda: https://conda.anaconda.org/conda-forge/osx-arm64/libgfortran5-13.2.0-hf226fd6_3.conda
  sha256: bafc679eedb468a86aa4636061c55966186399ee0a04b605920d208d97ac579a
  md5: 66ac81d54e95c534ae488726c1f698ea
  depends:
  - llvm-openmp >=8.0.0
  constrains:
  - libgfortran 5.0.0 13_2_0_*_3
  license: GPL-3.0-only WITH GCC-exception-3.1
  license_family: GPL
  purls: []
  size: 997381
  timestamp: 1707330687590
- conda: https://conda.anaconda.org/conda-forge/osx-arm64/liblapack-3.9.0-31_hc9a63f6_openblas.conda
  build_number: 31
  sha256: fe55b9aaf82c6c0192c3d1fcc9b8e884f97492dda9a8de5dae29334b3135fab5
  md5: ff57a55a2cbce171ef5707fb463caf19
  depends:
  - libblas 3.9.0 31_h10e41b3_openblas
  constrains:
  - liblapacke =3.9.0=31*_openblas
  - libcblas =3.9.0=31*_openblas
  - blas =2.131=openblas
  license: BSD-3-Clause
  license_family: BSD
  purls: []
  size: 17033
  timestamp: 1740088134988
- conda: https://conda.anaconda.org/conda-forge/osx-arm64/liblzma-5.6.4-h39f12f2_0.conda
  sha256: 560c59d3834cc652a84fb45531bd335ad06e271b34ebc216e380a89798fe8e2c
  md5: e3fd1f8320a100f2b210e690a57cd615
  depends:
  - __osx >=11.0
  license: 0BSD
  purls: []
  size: 98945
  timestamp: 1738525462560
- conda: https://conda.anaconda.org/conda-forge/osx-arm64/libmpdec-4.0.0-h99b78c6_0.conda
  sha256: f7917de9117d3a5fe12a39e185c7ce424f8d5010a6f97b4333e8a1dcb2889d16
  md5: 7476305c35dd9acef48da8f754eedb40
  depends:
  - __osx >=11.0
  license: BSD-2-Clause
  license_family: BSD
  purls: []
  size: 69263
  timestamp: 1723817629767
- conda: https://conda.anaconda.org/conda-forge/osx-arm64/libopenblas-0.3.29-openmp_hf332438_0.conda
  sha256: 8989d9e01ec8c9b2d48dbb5efbe70b356fcd15990fb53b64fcb84798982c0343
  md5: 0cd1148c68f09027ee0b0f0179f77c30
  depends:
  - __osx >=11.0
  - libgfortran 5.*
  - libgfortran5 >=13.2.0
  - llvm-openmp >=18.1.8
  constrains:
  - openblas >=0.3.29,<0.3.30.0a0
  license: BSD-3-Clause
  license_family: BSD
  purls: []
  size: 4168442
  timestamp: 1739825514918
- conda: https://conda.anaconda.org/conda-forge/osx-arm64/libsqlite-3.49.1-h3f77e49_1.conda
  sha256: 266639fb10ca92287961574b0b4d6031fa40dd9d723d64a0fcb08513a24dab03
  md5: c83357a21092bd952933c36c5cb4f4d6
  depends:
  - __osx >=11.0
  - libzlib >=1.3.1,<2.0a0
  license: Unlicense
  purls: []
  size: 898767
  timestamp: 1739953312379
- conda: https://conda.anaconda.org/conda-forge/osx-arm64/libzlib-1.3.1-h8359307_2.conda
  sha256: ce34669eadaba351cd54910743e6a2261b67009624dbc7daeeafdef93616711b
  md5: 369964e85dc26bfe78f41399b366c435
  depends:
  - __osx >=11.0
  constrains:
  - zlib 1.3.1 *_2
  license: Zlib
  license_family: Other
  purls: []
  size: 46438
  timestamp: 1727963202283
- conda: https://conda.anaconda.org/conda-forge/osx-arm64/llvm-openmp-19.1.7-hdb05f8b_0.conda
  sha256: b92a669f2059874ebdcb69041b6c243d68ffc3fb356ac1339cec44aeb27245d7
  md5: c4d54bfd3817313ce758aa76283b118d
  depends:
  - __osx >=11.0
  constrains:
  - openmp 19.1.7|19.1.7.*
  license: Apache-2.0 WITH LLVM-exception
  license_family: APACHE
  purls: []
  size: 280830
  timestamp: 1736986295869
- conda: https://conda.anaconda.org/conda-forge/noarch/matplotlib-inline-0.1.7-pyhd8ed1ab_1.conda
  sha256: 69b7dc7131703d3d60da9b0faa6dd8acbf6f6c396224cf6aef3e855b8c0c41c6
  md5: af6ab708897df59bd6e7283ceab1b56b
  depends:
  - python >=3.9
  - traitlets
  license: BSD-3-Clause
  license_family: BSD
  purls:
  - pkg:pypi/matplotlib-inline?source=hash-mapping
  size: 14467
  timestamp: 1733417051523
- conda: https://conda.anaconda.org/conda-forge/osx-arm64/ncurses-6.5-h5e97a16_3.conda
  sha256: 2827ada40e8d9ca69a153a45f7fd14f32b2ead7045d3bbb5d10964898fe65733
  md5: 068d497125e4bf8a66bf707254fff5ae
  depends:
  - __osx >=11.0
  license: X11 AND BSD-3-Clause
  purls: []
  size: 797030
  timestamp: 1738196177597
- conda: https://conda.anaconda.org/conda-forge/osx-arm64/numpy-2.2.3-py313h41a2e72_0.conda
  sha256: a60c012a3b87e5e4cb002a41aa164b8f0e6cd8a35d63eadf0b025c259129a580
  md5: 67d7e7f829d06baf1a53dd27b0e8b01d
  depends:
  - __osx >=11.0
  - libblas >=3.9.0,<4.0a0
  - libcblas >=3.9.0,<4.0a0
  - libcxx >=18
  - liblapack >=3.9.0,<4.0a0
  - python >=3.13,<3.14.0a0
  - python >=3.13,<3.14.0a0 *_cp313
  - python_abi 3.13.* *_cp313
  constrains:
  - numpy-base <0a0
  license: BSD-3-Clause
  license_family: BSD
  purls:
  - pkg:pypi/numpy?source=hash-mapping
  size: 6533531
  timestamp: 1739426241828
- conda: https://conda.anaconda.org/conda-forge/osx-arm64/openssl-3.4.1-h81ee809_0.conda
  sha256: 4f8e2389e1b711b44182a075516d02c80fa7a3a7e25a71ff1b5ace9eae57a17a
  md5: 75f9f0c7b1740017e2db83a53ab9a28e
  depends:
  - __osx >=11.0
  - ca-certificates
  license: Apache-2.0
  license_family: Apache
  purls: []
  size: 2934522
  timestamp: 1739301896733
- conda: https://conda.anaconda.org/conda-forge/noarch/parso-0.8.4-pyhd8ed1ab_1.conda
  sha256: 17131120c10401a99205fc6fe436e7903c0fa092f1b3e80452927ab377239bcc
  md5: 5c092057b6badd30f75b06244ecd01c9
  depends:
  - python >=3.9
  license: MIT
  license_family: MIT
  purls:
  - pkg:pypi/parso?source=hash-mapping
  size: 75295
  timestamp: 1733271352153
- conda: https://conda.anaconda.org/conda-forge/noarch/pexpect-4.9.0-pyhd8ed1ab_1.conda
  sha256: 202af1de83b585d36445dc1fda94266697341994d1a3328fabde4989e1b3d07a
  md5: d0d408b1f18883a944376da5cf8101ea
  depends:
  - ptyprocess >=0.5
  - python >=3.9
  license: ISC
  purls:
  - pkg:pypi/pexpect?source=hash-mapping
  size: 53561
  timestamp: 1733302019362
- conda: https://conda.anaconda.org/conda-forge/noarch/pickleshare-0.7.5-pyhd8ed1ab_1004.conda
  sha256: e2ac3d66c367dada209fc6da43e645672364b9fd5f9d28b9f016e24b81af475b
  md5: 11a9d1d09a3615fc07c3faf79bc0b943
  depends:
  - python >=3.9
  license: MIT
  license_family: MIT
  purls:
  - pkg:pypi/pickleshare?source=hash-mapping
  size: 11748
  timestamp: 1733327448200
- conda: https://conda.anaconda.org/conda-forge/noarch/prompt-toolkit-3.0.50-pyha770c72_0.conda
  sha256: 0749c49a349bf55b8539ce5addce559b77592165da622944a51c630e94d97889
  md5: 7d823138f550b14ecae927a5ff3286de
  depends:
  - python >=3.9
  - wcwidth
  constrains:
  - prompt_toolkit 3.0.50
  license: BSD-3-Clause
  license_family: BSD
  purls:
  - pkg:pypi/prompt-toolkit?source=hash-mapping
  size: 271905
  timestamp: 1737453457168
- conda: https://conda.anaconda.org/conda-forge/noarch/ptyprocess-0.7.0-pyhd8ed1ab_1.conda
  sha256: a7713dfe30faf17508ec359e0bc7e0983f5d94682492469bd462cdaae9c64d83
  md5: 7d9daffbb8d8e0af0f769dbbcd173a54
  depends:
  - python >=3.9
  license: ISC
  purls:
  - pkg:pypi/ptyprocess?source=hash-mapping
  size: 19457
  timestamp: 1733302371990
- conda: https://conda.anaconda.org/conda-forge/noarch/pure_eval-0.2.3-pyhd8ed1ab_1.conda
  sha256: 71bd24600d14bb171a6321d523486f6a06f855e75e547fa0cb2a0953b02047f0
  md5: 3bfdfb8dbcdc4af1ae3f9a8eb3948f04
  depends:
  - python >=3.9
  license: MIT
  license_family: MIT
  purls:
  - pkg:pypi/pure-eval?source=hash-mapping
  size: 16668
  timestamp: 1733569518868
- conda: https://conda.anaconda.org/conda-forge/noarch/pygments-2.19.1-pyhd8ed1ab_0.conda
  sha256: 28a3e3161390a9d23bc02b4419448f8d27679d9e2c250e29849e37749c8de86b
  md5: 232fb4577b6687b2d503ef8e254270c9
  depends:
  - python >=3.9
  license: BSD-2-Clause
  license_family: BSD
  purls:
  - pkg:pypi/pygments?source=hash-mapping
  size: 888600
  timestamp: 1736243563082
- conda: https://conda.anaconda.org/conda-forge/osx-arm64/python-3.13.2-h81fe080_101_cp313.conda
  build_number: 101
  sha256: 6239a14c39a9902d6b617d57efe3eefbab23cf30cdc67122fdab81d04da193cd
  md5: 71a76067a1cac1a2f03b43a08646a63e
  depends:
  - __osx >=11.0
  - bzip2 >=1.0.8,<2.0a0
  - libexpat >=2.6.4,<3.0a0
  - libffi >=3.4,<4.0a0
  - liblzma >=5.6.4,<6.0a0
  - libmpdec >=4.0.0,<5.0a0
  - libsqlite >=3.48.0,<4.0a0
  - libzlib >=1.3.1,<2.0a0
  - ncurses >=6.5,<7.0a0
  - openssl >=3.4.1,<4.0a0
  - python_abi 3.13.* *_cp313
  - readline >=8.2,<9.0a0
  - tk >=8.6.13,<8.7.0a0
  - tzdata
  license: Python-2.0
  purls: []
  size: 11682568
  timestamp: 1739801342527
  python_site_packages_path: lib/python3.13/site-packages
- conda: https://conda.anaconda.org/conda-forge/osx-arm64/python_abi-3.13-5_cp313.conda
  build_number: 5
  sha256: 4437198eae80310f40b23ae2f8a9e0a7e5c2b9ae411a8621eb03d87273666199
  md5: b8e82d0a5c1664638f87f63cc5d241fb
  constrains:
  - python 3.13.* *_cp313
  license: BSD-3-Clause
  license_family: BSD
  purls: []
  size: 6322
  timestamp: 1723823058879
- conda: https://conda.anaconda.org/conda-forge/osx-arm64/readline-8.2-h1d1bf99_2.conda
  sha256: 7db04684d3904f6151eff8673270922d31da1eea7fa73254d01c437f49702e34
  md5: 63ef3f6e6d6d5c589e64f11263dc5676
  depends:
  - ncurses >=6.5,<7.0a0
  license: GPL-3.0-only
  license_family: GPL
  purls: []
  size: 252359
  timestamp: 1740379663071
- conda: https://conda.anaconda.org/conda-forge/osx-arm64/scikit-learn-1.6.1-py313hecba28c_0.conda
  sha256: bec0733a698ae2a2af43ddebf575dbe6188122faea6fb879f16664a71ce8bc3a
  md5: 24a69ff370dbdbca38345e4f1338b9d2
  depends:
  - __osx >=11.0
  - joblib >=1.2.0
  - libcxx >=18
  - llvm-openmp >=18.1.8
  - numpy >=1.21,<3
  - python >=3.13,<3.14.0a0
  - python >=3.13,<3.14.0a0 *_cp313
  - python_abi 3.13.* *_cp313
  - scipy
  - threadpoolctl >=3.1.0
  arch: arm64
  platform: osx
  license: BSD-3-Clause
  license_family: BSD
  purls:
  - pkg:pypi/scikit-learn?source=hash-mapping
  size: 9809132
  timestamp: 1736497433367
- conda: https://conda.anaconda.org/conda-forge/osx-arm64/scipy-1.15.2-py313h9a24e0a_0.conda
  sha256: 2cce94fba335df6ea1c7ce5554ba8f0ef8ec0cf1a7e6918bfc2d8b2abf880794
  md5: 45e6244d4265a576a299c0a1d8b09ad9
  depends:
  - __osx >=11.0
  - libblas >=3.9.0,<4.0a0
  - libcblas >=3.9.0,<4.0a0
  - libcxx >=18
  - libgfortran 5.*
  - libgfortran5 >=13.2.0
  - liblapack >=3.9.0,<4.0a0
  - numpy <2.5
  - numpy >=1.21,<3
  - numpy >=1.23.5
  - python >=3.13,<3.14.0a0
  - python >=3.13,<3.14.0a0 *_cp313
  - python_abi 3.13.* *_cp313
  arch: arm64
  platform: osx
  license: BSD-3-Clause
  license_family: BSD
  purls:
  - pkg:pypi/scipy?source=hash-mapping
  size: 14548640
  timestamp: 1739792791585
- conda: https://conda.anaconda.org/conda-forge/noarch/setuptools-75.8.2-pyhff2d567_0.conda
  sha256: 91d664ace7c22e787775069418daa9f232ee8bafdd0a6a080a5ed2395a6fa6b2
  md5: 9bddfdbf4e061821a1a443f93223be61
  depends:
  - python >=3.9
  license: MIT
  license_family: MIT
  purls:
  - pkg:pypi/setuptools?source=compressed-mapping
  size: 777736
  timestamp: 1740654030775
- pypi: .
  name: sng-dbscan
  version: 0.1.0
  sha256: 82577693ae380b110a2419dcbd33ff886f14fc80378e914cc6162abbf081dee0
  requires_python: '>=3.12'
  editable: true
- conda: https://conda.anaconda.org/conda-forge/noarch/stack_data-0.6.3-pyhd8ed1ab_1.conda
  sha256: 570da295d421661af487f1595045760526964f41471021056e993e73089e9c41
  md5: b1b505328da7a6b246787df4b5a49fbc
  depends:
  - asttokens
  - executing
  - pure_eval
  - python >=3.9
  license: MIT
  license_family: MIT
  purls:
  - pkg:pypi/stack-data?source=hash-mapping
  size: 26988
  timestamp: 1733569565672
- conda: https://conda.anaconda.org/conda-forge/noarch/threadpoolctl-3.5.0-pyhc1e730c_0.conda
  sha256: 45e402941f6bed094022c5726a2ca494e6224b85180d2367fb6ddd9aea68079d
  md5: df68d78237980a159bd7149f33c0e8fd
  depends:
  - python >=3.8
  license: BSD-3-Clause
  license_family: BSD
  purls:
  - pkg:pypi/threadpoolctl?source=hash-mapping
  size: 23548
  timestamp: 1714400228771
- conda: https://conda.anaconda.org/conda-forge/osx-arm64/tk-8.6.13-h5083fa2_1.conda
  sha256: 72457ad031b4c048e5891f3f6cb27a53cb479db68a52d965f796910e71a403a8
  md5: b50a57ba89c32b62428b71a875291c9b
  depends:
  - libzlib >=1.2.13,<2.0.0a0
  license: TCL
  license_family: BSD
  purls: []
  size: 3145523
  timestamp: 1699202432999
- conda: https://conda.anaconda.org/conda-forge/noarch/traitlets-5.14.3-pyhd8ed1ab_1.conda
  sha256: f39a5620c6e8e9e98357507262a7869de2ae8cc07da8b7f84e517c9fd6c2b959
  md5: 019a7385be9af33791c989871317e1ed
  depends:
  - python >=3.9
  license: BSD-3-Clause
  license_family: BSD
  purls:
  - pkg:pypi/traitlets?source=hash-mapping
  size: 110051
  timestamp: 1733367480074
- conda: https://conda.anaconda.org/conda-forge/noarch/typing_extensions-4.12.2-pyha770c72_1.conda
  sha256: 337be7af5af8b2817f115b3b68870208b30c31d3439bec07bfb2d8f4823e3568
  md5: d17f13df8b65464ca316cbc000a3cb64
  depends:
  - python >=3.9
  license: PSF-2.0
  license_family: PSF
  purls:
  - pkg:pypi/typing-extensions?source=hash-mapping
  size: 39637
  timestamp: 1733188758212
- conda: https://conda.anaconda.org/conda-forge/noarch/tzdata-2025a-h78e105d_0.conda
  sha256: c4b1ae8a2931fe9b274c44af29c5475a85b37693999f8c792dad0f8c6734b1de
  md5: dbcace4706afdfb7eb891f7b37d07c04
  license: LicenseRef-Public-Domain
  purls: []
  size: 122921
  timestamp: 1737119101255
- conda: https://conda.anaconda.org/conda-forge/noarch/wcwidth-0.2.13-pyhd8ed1ab_1.conda
  sha256: f21e63e8f7346f9074fd00ca3b079bd3d2fa4d71f1f89d5b6934bf31446dc2a5
  md5: b68980f2495d096e71c7fd9d7ccf63e6
  depends:
  - python >=3.9
  license: MIT
  license_family: MIT
  purls:
  - pkg:pypi/wcwidth?source=hash-mapping
  size: 32581
  timestamp: 1733231433877
